
Microsoft Visual Studio Solution File, Format Version 12.00
# Visual Studio Version 17
VisualStudioVersion = 17.4.33122.133
MinimumVisualStudioVersion = 10.0.40219.1
Project("{FAE04EC0-301F-11D3-BF4B-00C04F79EFBC}") = "Veresiye_Urun_Satis_Otomasyonu", "Veresiye_Urun_Satis_Otomasyonu\Veresiye_Urun_Satis_Otomasyonu.csproj", "{087AE6F1-243E-4714-BEA2-2ACEFE4E72B7}"
EndProject
Project("{54435603-DBB4-11D2-8724-00A0C9A8B90C}") = "Veresiye Satis Otomasyonu", "Veresiye Satis Otomasyonu\Veresiye Satis Otomasyonu.vdproj", "{CFD7EDED-F4E2-4D3D-A54B-ADE4E2072BA3}"
EndProject
Global
	GlobalSection(SolutionConfigurationPlatforms) = preSolution
		Debug|Any CPU = Debug|Any CPU
		Release|Any CPU = Release|Any CPU
	EndGlobalSection
	GlobalSection(ProjectConfigurationPlatforms) = postSolution
		{087AE6F1-243E-4714-BEA2-2ACEFE4E72B7}.Debug|Any CPU.ActiveCfg = Debug|Any CPU
		{087AE6F1-243E-4714-BEA2-2ACEFE4E72B7}.Debug|Any CPU.Build.0 = Debug|Any CPU
		{087AE6F1-243E-4714-BEA2-2ACEFE4E72B7}.Release|Any CPU.ActiveCfg = Release|Any CPU
		{087AE6F1-243E-4714-BEA2-2ACEFE4E72B7}.Release|Any CPU.Build.0 = Release|Any CPU
		{CFD7EDED-F4E2-4D3D-A54B-ADE4E2072BA3}.Debug|Any CPU.ActiveCfg = Debug
		{CFD7EDED-F4E2-4D3D-A54B-ADE4E2072BA3}.Release|Any CPU.ActiveCfg = Release
	EndGlobalSection
	GlobalSection(SolutionProperties) = preSolution
		HideSolutionNode = FALSE
	EndGlobalSection
	GlobalSection(ExtensibilityGlobals) = postSolution
		SolutionGuid = {8BE9A0F5-E24B-4C3C-8372-CE3D3C652BF8}
	EndGlobalSection
EndGlobal
